
Microsoft Visual Studio Solution File, Format Version 12.00
# Visual Studio 15
VisualStudioVersion = 15.0.28010.2003
MinimumVisualStudioVersion = 10.0.40219.1
Project("{FAE04EC0-301F-11D3-BF4B-00C04F79EFBC}") = "NameParser", "NameParser\NameParser.csproj", "{BD95D55B-92B0-4AF0-830B-96D1A0B605E1}"
EndProject
Global
	GlobalSection(SolutionConfigurationPlatforms) = preSolution
		Debug|Any CPU = Debug|Any CPU
		Release|Any CPU = Release|Any CPU
	EndGlobalSection
	GlobalSection(ProjectConfigurationPlatforms) = postSolution
		{BD95D55B-92B0-4AF0-830B-96D1A0B605E1}.Debug|Any CPU.ActiveCfg = Debug|Any CPU
		{BD95D55B-92B0-4AF0-830B-96D1A0B605E1}.Debug|Any CPU.Build.0 = Debug|Any CPU
		{BD95D55B-92B0-4AF0-830B-96D1A0B605E1}.Release|Any CPU.ActiveCfg = Release|Any CPU
		{BD95D55B-92B0-4AF0-830B-96D1A0B605E1}.Release|Any CPU.Build.0 = Release|Any CPU
	EndGlobalSection
	GlobalSection(SolutionProperties) = preSolution
		HideSolutionNode = FALSE
	EndGlobalSection
	GlobalSection(ExtensibilityGlobals) = postSolution
		SolutionGuid = {6B3E9F57-5257-4CFA-B223-3DC504FC908D}
	EndGlobalSection
EndGlobal
